// !$*UTF8*$!
{
	archiveVersion = 1;
	classes = {
	};
	objectVersion = 50;
	objects = {

/* Begin PBXBuildFile section */
		ABF6591921497BFA00633F71 /* WAWeatherViewControllerTestCase.swift in Sources */ = {isa = PBXBuildFile; fileRef = ABF6591821497BFA00633F71 /* WAWeatherViewControllerTestCase.swift */; };
		ABF6591D21497C5600633F71 /* WeatherVCModelTestCase.swift in Sources */ = {isa = PBXBuildFile; fileRef = ABF6591C21497C5600633F71 /* WeatherVCModelTestCase.swift */; };
		CA9ED05C214921D6009E5AD1 /* Assets.xcassets in Resources */ = {isa = PBXBuildFile; fileRef = CA9ED05B214921D6009E5AD1 /* Assets.xcassets */; };
		CA9ED05F214921D6009E5AD1 /* LaunchScreen.storyboard in Resources */ = {isa = PBXBuildFile; fileRef = CA9ED05D214921D6009E5AD1 /* LaunchScreen.storyboard */; };
		CA9ED07B214922A1009E5AD1 /* WAWeatherViewController.swift in Sources */ = {isa = PBXBuildFile; fileRef = CA9ED07A214922A1009E5AD1 /* WAWeatherViewController.swift */; };
		CA9ED07E214922B6009E5AD1 /* WeatherDataModel.swift in Sources */ = {isa = PBXBuildFile; fileRef = CA9ED07D214922B6009E5AD1 /* WeatherDataModel.swift */; };
		CA9ED080214922CB009E5AD1 /* WeatherVCModel.swift in Sources */ = {isa = PBXBuildFile; fileRef = CA9ED07F214922CB009E5AD1 /* WeatherVCModel.swift */; };
		CA9ED082214922D4009E5AD1 /* WANetworkManager.swift in Sources */ = {isa = PBXBuildFile; fileRef = CA9ED081214922D4009E5AD1 /* WANetworkManager.swift */; };
		CA9ED084214922DB009E5AD1 /* WALocationManager.swift in Sources */ = {isa = PBXBuildFile; fileRef = CA9ED083214922DB009E5AD1 /* WALocationManager.swift */; };
		CA9ED086214922E1009E5AD1 /* WeatherData.json in Resources */ = {isa = PBXBuildFile; fileRef = CA9ED085214922E1009E5AD1 /* WeatherData.json */; };
		CA9ED088214922E8009E5AD1 /* WAEnums.swift in Sources */ = {isa = PBXBuildFile; fileRef = CA9ED087214922E7009E5AD1 /* WAEnums.swift */; };
		CA9ED08B2149233C009E5AD1 /* Configuration.swift in Sources */ = {isa = PBXBuildFile; fileRef = CA9ED08A2149233C009E5AD1 /* Configuration.swift */; };
		CA9ED08D21492347009E5AD1 /* AppDelegate.swift in Sources */ = {isa = PBXBuildFile; fileRef = CA9ED08C21492347009E5AD1 /* AppDelegate.swift */; };
		CA9ED0902149244F009E5AD1 /* Main.storyboard in Resources */ = {isa = PBXBuildFile; fileRef = CA9ED08E2149244F009E5AD1 /* Main.storyboard */; };
/* End PBXBuildFile section */

/* Begin PBXContainerItemProxy section */
		CA9ED066214921D6009E5AD1 /* PBXContainerItemProxy */ = {
			isa = PBXContainerItemProxy;
			containerPortal = CA9ED049214921D5009E5AD1 /* Project object */;
			proxyType = 1;
			remoteGlobalIDString = CA9ED050214921D6009E5AD1;
			remoteInfo = WeatherApp;
		};
/* End PBXContainerItemProxy section */

/* Begin PBXFileReference section */
		ABF6591821497BFA00633F71 /* WAWeatherViewControllerTestCase.swift */ = {isa = PBXFileReference; lastKnownFileType = sourcecode.swift; path = WAWeatherViewControllerTestCase.swift; sourceTree = "<group>"; };
		ABF6591C21497C5600633F71 /* WeatherVCModelTestCase.swift */ = {isa = PBXFileReference; fileEncoding = 4; lastKnownFileType = sourcecode.swift; path = WeatherVCModelTestCase.swift; sourceTree = "<group>"; };
		CA9ED051214921D6009E5AD1 /* WeatherApp.app */ = {isa = PBXFileReference; explicitFileType = wrapper.application; includeInIndex = 0; path = WeatherApp.app; sourceTree = BUILT_PRODUCTS_DIR; };
		CA9ED05B214921D6009E5AD1 /* Assets.xcassets */ = {isa = PBXFileReference; lastKnownFileType = folder.assetcatalog; path = Assets.xcassets; sourceTree = "<group>"; };
		CA9ED05E214921D6009E5AD1 /* Base */ = {isa = PBXFileReference; lastKnownFileType = file.storyboard; name = Base; path = Base.lproj/LaunchScreen.storyboard; sourceTree = "<group>"; };
		CA9ED060214921D6009E5AD1 /* Info.plist */ = {isa = PBXFileReference; lastKnownFileType = text.plist.xml; path = Info.plist; sourceTree = "<group>"; };
		CA9ED065214921D6009E5AD1 /* WeatherAppTests.xctest */ = {isa = PBXFileReference; explicitFileType = wrapper.cfbundle; includeInIndex = 0; path = WeatherAppTests.xctest; sourceTree = BUILT_PRODUCTS_DIR; };
		CA9ED06B214921D6009E5AD1 /* Info.plist */ = {isa = PBXFileReference; lastKnownFileType = text.plist.xml; path = Info.plist; sourceTree = "<group>"; };
		CA9ED07A214922A1009E5AD1 /* WAWeatherViewController.swift */ = {isa = PBXFileReference; fileEncoding = 4; lastKnownFileType = sourcecode.swift; path = WAWeatherViewController.swift; sourceTree = "<group>"; };
		CA9ED07D214922B6009E5AD1 /* WeatherDataModel.swift */ = {isa = PBXFileReference; fileEncoding = 4; lastKnownFileType = sourcecode.swift; path = WeatherDataModel.swift; sourceTree = "<group>"; };
		CA9ED07F214922CB009E5AD1 /* WeatherVCModel.swift */ = {isa = PBXFileReference; fileEncoding = 4; lastKnownFileType = sourcecode.swift; path = WeatherVCModel.swift; sourceTree = "<group>"; };
		CA9ED081214922D4009E5AD1 /* WANetworkManager.swift */ = {isa = PBXFileReference; fileEncoding = 4; lastKnownFileType = sourcecode.swift; path = WANetworkManager.swift; sourceTree = "<group>"; };
		CA9ED083214922DB009E5AD1 /* WALocationManager.swift */ = {isa = PBXFileReference; fileEncoding = 4; lastKnownFileType = sourcecode.swift; path = WALocationManager.swift; sourceTree = "<group>"; };
		CA9ED085214922E1009E5AD1 /* WeatherData.json */ = {isa = PBXFileReference; fileEncoding = 4; lastKnownFileType = text.json; path = WeatherData.json; sourceTree = "<group>"; };
		CA9ED087214922E7009E5AD1 /* WAEnums.swift */ = {isa = PBXFileReference; fileEncoding = 4; lastKnownFileType = sourcecode.swift; path = WAEnums.swift; sourceTree = "<group>"; };
		CA9ED08A2149233C009E5AD1 /* Configuration.swift */ = {isa = PBXFileReference; fileEncoding = 4; lastKnownFileType = sourcecode.swift; path = Configuration.swift; sourceTree = "<group>"; };
		CA9ED08C21492347009E5AD1 /* AppDelegate.swift */ = {isa = PBXFileReference; fileEncoding = 4; lastKnownFileType = sourcecode.swift; path = AppDelegate.swift; sourceTree = "<group>"; };
		CA9ED08F2149244F009E5AD1 /* Base */ = {isa = PBXFileReference; lastKnownFileType = file.storyboard; name = Base; path = Base.lproj/Main.storyboard; sourceTree = "<group>"; };
/* End PBXFileReference section */

/* Begin PBXFrameworksBuildPhase section */
		CA9ED04E214921D6009E5AD1 /* Frameworks */ = {
			isa = PBXFrameworksBuildPhase;
			buildActionMask = 2147483647;
			files = (
			);
			runOnlyForDeploymentPostprocessing = 0;
		};
		CA9ED062214921D6009E5AD1 /* Frameworks */ = {
			isa = PBXFrameworksBuildPhase;
			buildActionMask = 2147483647;
			files = (
			);
			runOnlyForDeploymentPostprocessing = 0;
		};
/* End PBXFrameworksBuildPhase section */

/* Begin PBXGroup section */
		CA9ED048214921D5009E5AD1 = {
			isa = PBXGroup;
			children = (
				CA9ED053214921D6009E5AD1 /* WeatherApp */,
				CA9ED068214921D6009E5AD1 /* WeatherAppTests */,
				CA9ED052214921D6009E5AD1 /* Products */,
			);
			sourceTree = "<group>";
		};
		CA9ED052214921D6009E5AD1 /* Products */ = {
			isa = PBXGroup;
			children = (
				CA9ED051214921D6009E5AD1 /* WeatherApp.app */,
				CA9ED065214921D6009E5AD1 /* WeatherAppTests.xctest */,
			);
			name = Products;
			sourceTree = "<group>";
		};
		CA9ED053214921D6009E5AD1 /* WeatherApp */ = {
			isa = PBXGroup;
			children = (
				CA9ED07921492274009E5AD1 /* Controllers */,
				CA9ED07821492265009E5AD1 /* ViewModel */,
				CA9ED07C214922A8009E5AD1 /* Model */,
				CA9ED0772149225B009E5AD1 /* DataManager */,
				CA9ED0762149224E009E5AD1 /* LocationManager */,
				CA9ED0752149223F009E5AD1 /* Mocks */,
				CA9ED07421492237009E5AD1 /* Enums */,
				CA9ED0892149232B009E5AD1 /* Configuration */,
				CA9ED08C21492347009E5AD1 /* AppDelegate.swift */,
				CA9ED08E2149244F009E5AD1 /* Main.storyboard */,
				CA9ED05B214921D6009E5AD1 /* Assets.xcassets */,
				CA9ED05D214921D6009E5AD1 /* LaunchScreen.storyboard */,
				CA9ED060214921D6009E5AD1 /* Info.plist */,
			);
			path = WeatherApp;
			sourceTree = "<group>";
		};
		CA9ED068214921D6009E5AD1 /* WeatherAppTests */ = {
			isa = PBXGroup;
			children = (
				CA9ED06B214921D6009E5AD1 /* Info.plist */,
				ABF6591C21497C5600633F71 /* WeatherVCModelTestCase.swift */,
				ABF6591821497BFA00633F71 /* WAWeatherViewControllerTestCase.swift */,
			);
			path = WeatherAppTests;
			sourceTree = "<group>";
		};
		CA9ED07421492237009E5AD1 /* Enums */ = {
			isa = PBXGroup;
			children = (
				CA9ED087214922E7009E5AD1 /* WAEnums.swift */,
			);
			path = Enums;
			sourceTree = "<group>";
		};
		CA9ED0752149223F009E5AD1 /* Mocks */ = {
			isa = PBXGroup;
			children = (
				CA9ED085214922E1009E5AD1 /* WeatherData.json */,
			);
			path = Mocks;
			sourceTree = "<group>";
		};
		CA9ED0762149224E009E5AD1 /* LocationManager */ = {
			isa = PBXGroup;
			children = (
				CA9ED083214922DB009E5AD1 /* WALocationManager.swift */,
			);
			path = LocationManager;
			sourceTree = "<group>";
		};
		CA9ED0772149225B009E5AD1 /* DataManager */ = {
			isa = PBXGroup;
			children = (
				CA9ED081214922D4009E5AD1 /* WANetworkManager.swift */,
			);
			path = DataManager;
			sourceTree = "<group>";
		};
		CA9ED07821492265009E5AD1 /* ViewModel */ = {
			isa = PBXGroup;
			children = (
				CA9ED07F214922CB009E5AD1 /* WeatherVCModel.swift */,
			);
			path = ViewModel;
			sourceTree = "<group>";
		};
		CA9ED07921492274009E5AD1 /* Controllers */ = {
			isa = PBXGroup;
			children = (
				CA9ED07A214922A1009E5AD1 /* WAWeatherViewController.swift */,
			);
			path = Controllers;
			sourceTree = "<group>";
		};
		CA9ED07C214922A8009E5AD1 /* Model */ = {
			isa = PBXGroup;
			children = (
				CA9ED07D214922B6009E5AD1 /* WeatherDataModel.swift */,
			);
			path = Model;
			sourceTree = "<group>";
		};
		CA9ED0892149232B009E5AD1 /* Configuration */ = {
			isa = PBXGroup;
			children = (
				CA9ED08A2149233C009E5AD1 /* Configuration.swift */,
			);
			path = Configuration;
			sourceTree = "<group>";
		};
/* End PBXGroup section */

/* Begin PBXNativeTarget section */
		CA9ED050214921D6009E5AD1 /* WeatherApp */ = {
			isa = PBXNativeTarget;
			buildConfigurationList = CA9ED06E214921D6009E5AD1 /* Build configuration list for PBXNativeTarget "WeatherApp" */;
			buildPhases = (
				CA9ED04D214921D6009E5AD1 /* Sources */,
				CA9ED04E214921D6009E5AD1 /* Frameworks */,
				CA9ED04F214921D6009E5AD1 /* Resources */,
			);
			buildRules = (
			);
			dependencies = (
			);
			name = WeatherApp;
			productName = WeatherApp;
			productReference = CA9ED051214921D6009E5AD1 /* WeatherApp.app */;
			productType = "com.apple.product-type.application";
		};
		CA9ED064214921D6009E5AD1 /* WeatherAppTests */ = {
			isa = PBXNativeTarget;
			buildConfigurationList = CA9ED071214921D6009E5AD1 /* Build configuration list for PBXNativeTarget "WeatherAppTests" */;
			buildPhases = (
				CA9ED061214921D6009E5AD1 /* Sources */,
				CA9ED062214921D6009E5AD1 /* Frameworks */,
				CA9ED063214921D6009E5AD1 /* Resources */,
			);
			buildRules = (
			);
			dependencies = (
				CA9ED067214921D6009E5AD1 /* PBXTargetDependency */,
			);
			name = WeatherAppTests;
			productName = WeatherAppTests;
			productReference = CA9ED065214921D6009E5AD1 /* WeatherAppTests.xctest */;
			productType = "com.apple.product-type.bundle.unit-test";
		};
/* End PBXNativeTarget section */

/* Begin PBXProject section */
		CA9ED049214921D5009E5AD1 /* Project object */ = {
			isa = PBXProject;
			attributes = {
				LastSwiftUpdateCheck = 0940;
				LastUpgradeCheck = 0940;
				ORGANIZATIONNAME = "Gupta, Shelly";
				TargetAttributes = {
					CA9ED050214921D6009E5AD1 = {
						CreatedOnToolsVersion = 9.4.1;
						LastSwiftMigration = 0940;
					};
					CA9ED064214921D6009E5AD1 = {
						CreatedOnToolsVersion = 9.4.1;
						LastSwiftMigration = 0940;
						TestTargetID = CA9ED050214921D6009E5AD1;
					};
				};
			};
			buildConfigurationList = CA9ED04C214921D5009E5AD1 /* Build configuration list for PBXProject "WeatherApp" */;
			compatibilityVersion = "Xcode 9.3";
			developmentRegion = en;
			hasScannedForEncodings = 0;
			knownRegions = (
				en,
				Base,
			);
			mainGroup = CA9ED048214921D5009E5AD1;
			productRefGroup = CA9ED052214921D6009E5AD1 /* Products */;
			projectDirPath = "";
			projectRoot = "";
			targets = (
				CA9ED050214921D6009E5AD1 /* WeatherApp */,
				CA9ED064214921D6009E5AD1 /* WeatherAppTests */,
			);
		};
/* End PBXProject section */

/* Begin PBXResourcesBuildPhase section */
		CA9ED04F214921D6009E5AD1 /* Resources */ = {
			isa = PBXResourcesBuildPhase;
			buildActionMask = 2147483647;
			files = (
				CA9ED05F214921D6009E5AD1 /* LaunchScreen.storyboard in Resources */,
				CA9ED05C214921D6009E5AD1 /* Assets.xcassets in Resources */,
				CA9ED086214922E1009E5AD1 /* WeatherData.json in Resources */,
				CA9ED0902149244F009E5AD1 /* Main.storyboard in Resources */,
			);
			runOnlyForDeploymentPostprocessing = 0;
		};
		CA9ED063214921D6009E5AD1 /* Resources */ = {
			isa = PBXResourcesBuildPhase;
			buildActionMask = 2147483647;
			files = (
			);
			runOnlyForDeploymentPostprocessing = 0;
		};
/* End PBXResourcesBuildPhase section */

/* Begin PBXSourcesBuildPhase section */
		CA9ED04D214921D6009E5AD1 /* Sources */ = {
			isa = PBXSourcesBuildPhase;
			buildActionMask = 2147483647;
			files = (
				CA9ED08D21492347009E5AD1 /* AppDelegate.swift in Sources */,
				CA9ED080214922CB009E5AD1 /* WeatherVCModel.swift in Sources */,
				CA9ED084214922DB009E5AD1 /* WALocationManager.swift in Sources */,
				CA9ED08B2149233C009E5AD1 /* Configuration.swift in Sources */,
				CA9ED088214922E8009E5AD1 /* WAEnums.swift in Sources */,
				CA9ED07E214922B6009E5AD1 /* WeatherDataModel.swift in Sources */,
				CA9ED082214922D4009E5AD1 /* WANetworkManager.swift in Sources */,
				CA9ED07B214922A1009E5AD1 /* WAWeatherViewController.swift in Sources */,
			);
			runOnlyForDeploymentPostprocessing = 0;
		};
		CA9ED061214921D6009E5AD1 /* Sources */ = {
			isa = PBXSourcesBuildPhase;
			buildActionMask = 2147483647;
			files = (
				ABF6591921497BFA00633F71 /* WAWeatherViewControllerTestCase.swift in Sources */,
				ABF6591D21497C5600633F71 /* WeatherVCModelTestCase.swift in Sources */,
			);
			runOnlyForDeploymentPostprocessing = 0;
		};
/* End PBXSourcesBuildPhase section */

/* Begin PBXTargetDependency section */
		CA9ED067214921D6009E5AD1 /* PBXTargetDependency */ = {
			isa = PBXTargetDependency;
			target = CA9ED050214921D6009E5AD1 /* WeatherApp */;
			targetProxy = CA9ED066214921D6009E5AD1 /* PBXContainerItemProxy */;
		};
/* End PBXTargetDependency section */

/* Begin PBXVariantGroup section */
		CA9ED05D214921D6009E5AD1 /* LaunchScreen.storyboard */ = {
			isa = PBXVariantGroup;
			children = (
				CA9ED05E214921D6009E5AD1 /* Base */,
			);
			name = LaunchScreen.storyboard;
			sourceTree = "<group>";
		};
		CA9ED08E2149244F009E5AD1 /* Main.storyboard */ = {
			isa = PBXVariantGroup;
			children = (
				CA9ED08F2149244F009E5AD1 /* Base */,
			);
			name = Main.storyboard;
			sourceTree = "<group>";
		};
/* End PBXVariantGroup section */

/* Begin XCBuildConfiguration section */
		CA9ED06C214921D6009E5AD1 /* Debug */ = {
			isa = XCBuildConfiguration;
			buildSettings = {
				ALWAYS_SEARCH_USER_PATHS = NO;
				CLANG_ANALYZER_NONNULL = YES;
				CLANG_ANALYZER_NUMBER_OBJECT_CONVERSION = YES_AGGRESSIVE;
				CLANG_CXX_LANGUAGE_STANDARD = "gnu++14";
				CLANG_CXX_LIBRARY = "libc++";
				CLANG_ENABLE_MODULES = YES;
				CLANG_ENABLE_OBJC_ARC = YES;
				CLANG_ENABLE_OBJC_WEAK = YES;
				CLANG_WARN_BLOCK_CAPTURE_AUTORELEASING = YES;
				CLANG_WARN_BOOL_CONVERSION = YES;
				CLANG_WARN_COMMA = YES;
				CLANG_WARN_CONSTANT_CONVERSION = YES;
				CLANG_WARN_DEPRECATED_OBJC_IMPLEMENTATIONS = YES;
				CLANG_WARN_DIRECT_OBJC_ISA_USAGE = YES_ERROR;
				CLANG_WARN_DOCUMENTATION_COMMENTS = YES;
				CLANG_WARN_EMPTY_BODY = YES;
				CLANG_WARN_ENUM_CONVERSION = YES;
				CLANG_WARN_INFINITE_RECURSION = YES;
				CLANG_WARN_INT_CONVERSION = YES;
				CLANG_WARN_NON_LITERAL_NULL_CONVERSION = YES;
				CLANG_WARN_OBJC_IMPLICIT_RETAIN_SELF = YES;
				CLANG_WARN_OBJC_LITERAL_CONVERSION = YES;
				CLANG_WARN_OBJC_ROOT_CLASS = YES_ERROR;
				CLANG_WARN_RANGE_LOOP_ANALYSIS = YES;
				CLANG_WARN_STRICT_PROTOTYPES = YES;
				CLANG_WARN_SUSPICIOUS_MOVE = YES;
				CLANG_WARN_UNGUARDED_AVAILABILITY = YES_AGGRESSIVE;
				CLANG_WARN_UNREACHABLE_CODE = YES;
				CLANG_WARN__DUPLICATE_METHOD_MATCH = YES;
				CODE_SIGN_IDENTITY = "iPhone Developer";
				COPY_PHASE_STRIP = NO;
				DEBUG_INFORMATION_FORMAT = dwarf;
				ENABLE_STRICT_OBJC_MSGSEND = YES;
				ENABLE_TESTABILITY = YES;
				GCC_C_LANGUAGE_STANDARD = gnu11;
				GCC_DYNAMIC_NO_PIC = NO;
				GCC_NO_COMMON_BLOCKS = YES;
				GCC_OPTIMIZATION_LEVEL = 0;
				GCC_PREPROCESSOR_DEFINITIONS = (
					"DEBUG=1",
					"$(inherited)",
				);
				GCC_WARN_64_TO_32_BIT_CONVERSION = YES;
				GCC_WARN_ABOUT_RETURN_TYPE = YES_ERROR;
				GCC_WARN_UNDECLARED_SELECTOR = YES;
				GCC_WARN_UNINITIALIZED_AUTOS = YES_AGGRESSIVE;
				GCC_WARN_UNUSED_FUNCTION = YES;
				GCC_WARN_UNUSED_VARIABLE = YES;
				IPHONEOS_DEPLOYMENT_TARGET = 11.4;
				MTL_ENABLE_DEBUG_INFO = YES;
				ONLY_ACTIVE_ARCH = YES;
				SDKROOT = iphoneos;
				SWIFT_ACTIVE_COMPILATION_CONDITIONS = DEBUG;
				SWIFT_OPTIMIZATION_LEVEL = "-Onone";
			};
			name = Debug;
		};
		CA9ED06D214921D6009E5AD1 /* Release */ = {
			isa = XCBuildConfiguration;
			buildSettings = {
				ALWAYS_SEARCH_USER_PATHS = NO;
				CLANG_ANALYZER_NONNULL = YES;
				CLANG_ANALYZER_NUMBER_OBJECT_CONVERSION = YES_AGGRESSIVE;
				CLANG_CXX_LANGUAGE_STANDARD = "gnu++14";
				CLANG_CXX_LIBRARY = "libc++";
				CLANG_ENABLE_MODULES = YES;
				CLANG_ENABLE_OBJC_ARC = YES;
				CLANG_ENABLE_OBJC_WEAK = YES;
				CLANG_WARN_BLOCK_CAPTURE_AUTORELEASING = YES;
				CLANG_WARN_BOOL_CONVERSION = YES;
				CLANG_WARN_COMMA = YES;
				CLANG_WARN_CONSTANT_CONVERSION = YES;
				CLANG_WARN_DEPRECATED_OBJC_IMPLEMENTATIONS = YES;
				CLANG_WARN_DIRECT_OBJC_ISA_USAGE = YES_ERROR;
				CLANG_WARN_DOCUMENTATION_COMMENTS = YES;
				CLANG_WARN_EMPTY_BODY = YES;
				CLANG_WARN_ENUM_CONVERSION = YES;
				CLANG_WARN_INFINITE_RECURSION = YES;
				CLANG_WARN_INT_CONVERSION = YES;
				CLANG_WARN_NON_LITERAL_NULL_CONVERSION = YES;
				CLANG_WARN_OBJC_IMPLICIT_RETAIN_SELF = YES;
				CLANG_WARN_OBJC_LITERAL_CONVERSION = YES;
				CLANG_WARN_OBJC_ROOT_CLASS = YES_ERROR;
				CLANG_WARN_RANGE_LOOP_ANALYSIS = YES;
				CLANG_WARN_STRICT_PROTOTYPES = YES;
				CLANG_WARN_SUSPICIOUS_MOVE = YES;
				CLANG_WARN_UNGUARDED_AVAILABILITY = YES_AGGRESSIVE;
				CLANG_WARN_UNREACHABLE_CODE = YES;
				CLANG_WARN__DUPLICATE_METHOD_MATCH = YES;
				CODE_SIGN_IDENTITY = "iPhone Developer";
				COPY_PHASE_STRIP = NO;
				DEBUG_INFORMATION_FORMAT = "dwarf-with-dsym";
				ENABLE_NS_ASSERTIONS = NO;
				ENABLE_STRICT_OBJC_MSGSEND = YES;
				GCC_C_LANGUAGE_STANDARD = gnu11;
				GCC_NO_COMMON_BLOCKS = YES;
				GCC_WARN_64_TO_32_BIT_CONVERSION = YES;
				GCC_WARN_ABOUT_RETURN_TYPE = YES_ERROR;
				GCC_WARN_UNDECLARED_SELECTOR = YES;
				GCC_WARN_UNINITIALIZED_AUTOS = YES_AGGRESSIVE;
				GCC_WARN_UNUSED_FUNCTION = YES;
				GCC_WARN_UNUSED_VARIABLE = YES;
				IPHONEOS_DEPLOYMENT_TARGET = 11.4;
				MTL_ENABLE_DEBUG_INFO = NO;
				SDKROOT = iphoneos;
				SWIFT_COMPILATION_MODE = wholemodule;
				SWIFT_OPTIMIZATION_LEVEL = "-O";
				VALIDATE_PRODUCT = YES;
			};
			name = Release;
		};
		CA9ED06F214921D6009E5AD1 /* Debug */ = {
			isa = XCBuildConfiguration;
			buildSettings = {
				ASSETCATALOG_COMPILER_APPICON_NAME = AppIcon;
				CLANG_ENABLE_MODULES = YES;
				CODE_SIGN_STYLE = Automatic;
				DEVELOPMENT_TEAM = 3K4W5958F9;
				INFOPLIST_FILE = WeatherApp/Info.plist;
				LD_RUNPATH_SEARCH_PATHS = (
					"$(inherited)",
					"@executable_path/Frameworks",
				);
				PRODUCT_BUNDLE_IDENTIFIER = com.demo.WeatherApp;
				PRODUCT_NAME = "$(TARGET_NAME)";
				SWIFT_OPTIMIZATION_LEVEL = "-Onone";
				SWIFT_VERSION = 4.0;
				TARGETED_DEVICE_FAMILY = 1;
			};
			name = Debug;
		};
		CA9ED070214921D6009E5AD1 /* Release */ = {
			isa = XCBuildConfiguration;
			buildSettings = {
				ASSETCATALOG_COMPILER_APPICON_NAME = AppIcon;
				CLANG_ENABLE_MODULES = YES;
				CODE_SIGN_STYLE = Automatic;
				DEVELOPMENT_TEAM = 3K4W5958F9;
				INFOPLIST_FILE = WeatherApp/Info.plist;
				LD_RUNPATH_SEARCH_PATHS = (
					"$(inherited)",
					"@executable_path/Frameworks",
				);
				PRODUCT_BUNDLE_IDENTIFIER = com.demo.WeatherApp;
				PRODUCT_NAME = "$(TARGET_NAME)";
				SWIFT_VERSION = 4.0;
				TARGETED_DEVICE_FAMILY = 1;
			};
			name = Release;
		};
		CA9ED072214921D6009E5AD1 /* Debug */ = {
			isa = XCBuildConfiguration;
			buildSettings = {
				ALWAYS_EMBED_SWIFT_STANDARD_LIBRARIES = YES;
				BUNDLE_LOADER = "$(TEST_HOST)";
				CLANG_ENABLE_MODULES = YES;
				CODE_SIGN_STYLE = Automatic;
				INFOPLIST_FILE = WeatherAppTests/Info.plist;
				LD_RUNPATH_SEARCH_PATHS = (
					"$(inherited)",
					"@executable_path/Frameworks",
					"@loader_path/Frameworks",
				);
				PRODUCT_BUNDLE_IDENTIFIER = com.demo.WeatherAppTests;
				PRODUCT_NAME = "$(TARGET_NAME)";
				SWIFT_OPTIMIZATION_LEVEL = "-Onone";
				SWIFT_VERSION = 4.0;
				TARGETED_DEVICE_FAMILY = "1,2";
				TEST_HOST = "$(BUILT_PRODUCTS_DIR)/WeatherApp.app/WeatherApp";
			};
			name = Debug;
		};
		CA9ED073214921D6009E5AD1 /* Release */ = {
			isa = XCBuildConfiguration;
			buildSettings = {
				ALWAYS_EMBED_SWIFT_STANDARD_LIBRARIES = YES;
				BUNDLE_LOADER = "$(TEST_HOST)";
				CLANG_ENABLE_MODULES = YES;
				CODE_SIGN_STYLE = Automatic;
				INFOPLIST_FILE = WeatherAppTests/Info.plist;
				LD_RUNPATH_SEARCH_PATHS = (
					"$(inherited)",
					"@executable_path/Frameworks",
					"@loader_path/Frameworks",
				);
				PRODUCT_BUNDLE_IDENTIFIER = com.demo.WeatherAppTests;
				PRODUCT_NAME = "$(TARGET_NAME)";
				SWIFT_VERSION = 4.0;
				TARGETED_DEVICE_FAMILY = "1,2";
				TEST_HOST = "$(BUILT_PRODUCTS_DIR)/WeatherApp.app/WeatherApp";
			};
			name = Release;
		};
/* End XCBuildConfiguration section */

/* Begin XCConfigurationList section */
		CA9ED04C214921D5009E5AD1 /* Build configuration list for PBXProject "WeatherApp" */ = {
			isa = XCConfigurationList;
			buildConfigurations = (
				CA9ED06C214921D6009E5AD1 /* Debug */,
				CA9ED06D214921D6009E5AD1 /* Release */,
			);
			defaultConfigurationIsVisible = 0;
			defaultConfigurationName = Release;
		};
		CA9ED06E214921D6009E5AD1 /* Build configuration list for PBXNativeTarget "WeatherApp" */ = {
			isa = XCConfigurationList;
			buildConfigurations = (
				CA9ED06F214921D6009E5AD1 /* Debug */,
				CA9ED070214921D6009E5AD1 /* Release */,
			);
			defaultConfigurationIsVisible = 0;
			defaultConfigurationName = Release;
		};
		CA9ED071214921D6009E5AD1 /* Build configuration list for PBXNativeTarget "WeatherAppTests" */ = {
			isa = XCConfigurationList;
			buildConfigurations = (
				CA9ED072214921D6009E5AD1 /* Debug */,
				CA9ED073214921D6009E5AD1 /* Release */,
			);
			defaultConfigurationIsVisible = 0;
			defaultConfigurationName = Release;
		};
/* End XCConfigurationList section */
	};
	rootObject = CA9ED049214921D5009E5AD1 /* Project object */;
}
